{
  "pins" : [
    {
      "identity" : "simprokmachine-ios",
      "kind" : "remoteSourceControl",
      "location" : "https://github.com/simprok-dev/simprokmachine-ios.git",
      "state" : {
        "revision" : "2e89ad60cebd174c775a49ac8ee6c37bc03f896e",
        "version" : "1.2.26"
      }
    },
    {
      "identity" : "simprokstate-ios",
      "kind" : "remoteSourceControl",
      "location" : "https://github.com/simprok-dev/simprokstate-ios.git",
      "state" : {
        "revision" : "c145982fcb6d40eebd90cbcec68b2a0cce7b1a8e",
        "version" : "1.2.53"
      }
    }
  ],
  "version" : 2
}
