{
  "pins" : [
    {
      "identity" : "simprokmachine-ios",
      "kind" : "remoteSourceControl",
      "location" : "https://github.com/simprok-dev/simprokmachine-ios.git",
      "state" : {
        "revision" : "d712f86beaeb7185e38c8c83e9e2119e853459a8",
        "version" : "1.2.27"
      }
    },
    {
      "identity" : "simprokstate-ios",
      "kind" : "remoteSourceControl",
      "location" : "https://github.com/simprok-dev/simprokstate-ios.git",
      "state" : {
        "revision" : "35b019b85b847b877f12e0f5d6690749d3824e65",
        "version" : "1.2.54"
      }
    }
  ],
  "version" : 2
}
