{
  "pins" : [
    {
      "identity" : "simprokcore-ios",
      "kind" : "remoteSourceControl",
      "location" : "https://github.com/simprok-dev/simprokcore-ios.git",
      "state" : {
        "revision" : "6eeb493406112acef9b88e7cbe9ba8a46e9dc48e",
        "version" : "1.1.5"
      }
    },
    {
      "identity" : "simprokmachine-ios",
      "kind" : "remoteSourceControl",
      "location" : "https://github.com/simprok-dev/simprokmachine-ios.git",
      "state" : {
        "revision" : "3a863a3de845cdc9cf1d287a83ab27cb29fffa4f",
        "version" : "1.1.2"
      }
    }
  ],
  "version" : 2
}
