{
  "pins" : [
    {
      "identity" : "simprokcore-ios",
      "kind" : "remoteSourceControl",
      "location" : "https://github.com/simprok-dev/simprokcore-ios.git",
      "state" : {
        "revision" : "b9dfda27f1160ca2a5caf3d24b314362da5d0df4",
        "version" : "1.1.8"
      }
    },
    {
      "identity" : "simprokmachine-ios",
      "kind" : "remoteSourceControl",
      "location" : "https://github.com/simprok-dev/simprokmachine-ios.git",
      "state" : {
        "revision" : "3a863a3de845cdc9cf1d287a83ab27cb29fffa4f",
        "version" : "1.1.2"
      }
    }
  ],
  "version" : 2
}
